
Microsoft Visual Studio Solution File, Format Version 12.00
# Visual Studio Version 17
VisualStudioVersion = 17.6.33723.286
MinimumVisualStudioVersion = 10.0.40219.1
Project("{FAE04EC0-301F-11D3-BF4B-00C04F79EFBC}") = "GaripovAutoservice", "GaripovAutoservice.csproj", "{298834D1-8C70-487A-A7FC-5F45D98DFB99}"
EndProject
Global
	GlobalSection(SolutionConfigurationPlatforms) = preSolution
		Debug|Any CPU = Debug|Any CPU
		Release|Any CPU = Release|Any CPU
	EndGlobalSection
	GlobalSection(ProjectConfigurationPlatforms) = postSolution
		{298834D1-8C70-487A-A7FC-5F45D98DFB99}.Debug|Any CPU.ActiveCfg = Debug|Any CPU
		{298834D1-8C70-487A-A7FC-5F45D98DFB99}.Debug|Any CPU.Build.0 = Debug|Any CPU
		{298834D1-8C70-487A-A7FC-5F45D98DFB99}.Release|Any CPU.ActiveCfg = Release|Any CPU
		{298834D1-8C70-487A-A7FC-5F45D98DFB99}.Release|Any CPU.Build.0 = Release|Any CPU
	EndGlobalSection
	GlobalSection(SolutionProperties) = preSolution
		HideSolutionNode = FALSE
	EndGlobalSection
	GlobalSection(ExtensibilityGlobals) = postSolution
		SolutionGuid = {6B0D748D-A0AD-4D52-B553-84FFBA71EAF4}
	EndGlobalSection
EndGlobal
